
Microsoft Visual Studio Solution File, Format Version 12.00
# Visual Studio Version 17
VisualStudioVersion = 17.7.34031.279
MinimumVisualStudioVersion = 10.0.40219.1
Project("{FAE04EC0-301F-11D3-BF4B-00C04F79EFBC}") = "FinalExam-Amoeba", "FinalExam-Amoeba.csproj", "{01BDB517-5B20-4234-880A-AAEF37A0CE1B}"
EndProject
Global
	GlobalSection(SolutionConfigurationPlatforms) = preSolution
		Debug|Any CPU = Debug|Any CPU
		Release|Any CPU = Release|Any CPU
	EndGlobalSection
	GlobalSection(ProjectConfigurationPlatforms) = postSolution
		{01BDB517-5B20-4234-880A-AAEF37A0CE1B}.Debug|Any CPU.ActiveCfg = Debug|Any CPU
		{01BDB517-5B20-4234-880A-AAEF37A0CE1B}.Debug|Any CPU.Build.0 = Debug|Any CPU
		{01BDB517-5B20-4234-880A-AAEF37A0CE1B}.Release|Any CPU.ActiveCfg = Release|Any CPU
		{01BDB517-5B20-4234-880A-AAEF37A0CE1B}.Release|Any CPU.Build.0 = Release|Any CPU
	EndGlobalSection
	GlobalSection(SolutionProperties) = preSolution
		HideSolutionNode = FALSE
	EndGlobalSection
	GlobalSection(ExtensibilityGlobals) = postSolution
		SolutionGuid = {649A18B8-9D82-4367-ABD2-739EA0D0180D}
	EndGlobalSection
EndGlobal
